
Microsoft Visual Studio Solution File, Format Version 12.00
# Visual Studio 15
VisualStudioVersion = 15.0.28307.329
MinimumVisualStudioVersion = 10.0.40219.1
Project("{8BC9CEB8-8B4A-11D0-8D11-00A0C91BC942}") = "201802152_정다현_07주차_실습", "201802152_정다현_07주차_실습\201802152_정다현_07주차_실습.vcxproj", "{FBAA9639-20BA-4CF9-B450-F2F605A21786}"
EndProject
Global
	GlobalSection(SolutionConfigurationPlatforms) = preSolution
		Debug|x64 = Debug|x64
		Debug|x86 = Debug|x86
		Release|x64 = Release|x64
		Release|x86 = Release|x86
	EndGlobalSection
	GlobalSection(ProjectConfigurationPlatforms) = postSolution
		{FBAA9639-20BA-4CF9-B450-F2F605A21786}.Debug|x64.ActiveCfg = Debug|x64
		{FBAA9639-20BA-4CF9-B450-F2F605A21786}.Debug|x64.Build.0 = Debug|x64
		{FBAA9639-20BA-4CF9-B450-F2F605A21786}.Debug|x86.ActiveCfg = Debug|Win32
		{FBAA9639-20BA-4CF9-B450-F2F605A21786}.Debug|x86.Build.0 = Debug|Win32
		{FBAA9639-20BA-4CF9-B450-F2F605A21786}.Release|x64.ActiveCfg = Release|x64
		{FBAA9639-20BA-4CF9-B450-F2F605A21786}.Release|x64.Build.0 = Release|x64
		{FBAA9639-20BA-4CF9-B450-F2F605A21786}.Release|x86.ActiveCfg = Release|Win32
		{FBAA9639-20BA-4CF9-B450-F2F605A21786}.Release|x86.Build.0 = Release|Win32
	EndGlobalSection
	GlobalSection(SolutionProperties) = preSolution
		HideSolutionNode = FALSE
	EndGlobalSection
	GlobalSection(ExtensibilityGlobals) = postSolution
		SolutionGuid = {28EF7D9B-5785-4ED4-81A9-B51494DD0872}
	EndGlobalSection
EndGlobal
